{
  "name": "@openclaw-kr/lotto-results",
  "version": "0.1.0",
  "lockfileVersion": 3,
  "requires": true,
  "packages": {
    "": {
      "name": "@openclaw-kr/lotto-results",
      "version": "0.1.0",
      "license": "MIT",
      "dependencies": {
        "k-lotto": "0.1.0"
      }
    },
    "node_modules/k-lotto": {
      "version": "0.1.0",
      "resolved": "https://registry.npmjs.org/k-lotto/-/k-lotto-0.1.0.tgz",
      "integrity": "sha512-ij3aIvKdRluWrpHC8NxZ6JP/XeT6X+MjPvzjZBi21zJJKG7b18aazf+UL3ERDCptD992FKYuWXyQKktB2THP/Q==",
      "license": "MIT",
      "engines": {
        "node": ">=18"
      }
    }
  }
}
